
Microsoft Visual Studio Solution File, Format Version 12.00
# Visual Studio Version 16
VisualStudioVersion = 16.0.29806.167
MinimumVisualStudioVersion = 10.0.40219.1
Project("{9A19103F-16F7-4668-BE54-9A1E7A4F7556}") = "IVySoft.VPlatform.Network", "src\IVySoft.VPlatform.Network\IVySoft.VPlatform.Network.csproj", "{5CD0B4EA-9D51-47AD-B68D-4DE3DD43CF4C}"
EndProject
Project("{2150E333-8FDC-42A3-9474-1A3956D46DE8}") = "Etl", "Etl", "{1AB3AD08-B4A7-442B-950D-5D3C02F8788B}"
EndProject
Project("{9A19103F-16F7-4668-BE54-9A1E7A4F7556}") = "IVySoft.VPlatform.Etl.Cmd", "src\etl\IVySoft.VPlatform.Etl.Cmd\IVySoft.VPlatform.Etl.Cmd.csproj", "{042E82D3-634D-47D4-AEC8-2D7D83C49440}"
EndProject
Project("{2150E333-8FDC-42A3-9474-1A3956D46DE8}") = "Sources", "Sources", "{9688E414-8F4D-483D-AC89-9F9180029A5B}"
EndProject
Project("{9A19103F-16F7-4668-BE54-9A1E7A4F7556}") = "IVySoft.VPlatform.Source.Xml", "src\sources\IVySoft.VPlatform.Source.Xml\IVySoft.VPlatform.Source.Xml.csproj", "{841A9650-4154-4DF6-BC77-35ECAE50C312}"
EndProject
Project("{2150E333-8FDC-42A3-9474-1A3956D46DE8}") = "Targets", "Targets", "{EBB0293C-42D8-4378-A2E1-658C5AB277B5}"
EndProject
Project("{9A19103F-16F7-4668-BE54-9A1E7A4F7556}") = "IVySoft.VPlatform.Target.ModelCode.Xml.Serialization", "src\targets\IVySoft.VPlatform.Target.ModelCode.Xml.Serialization\IVySoft.VPlatform.Target.ModelCode.Xml.Serialization.csproj", "{56269D4E-FFDF-4102-B0BC-ED03F2A7D6FF}"
EndProject
Project("{9A19103F-16F7-4668-BE54-9A1E7A4F7556}") = "IVySoft.VPlatform.Target.ModelCode", "src\targets\IVySoft.VPlatform.Target.ModelCode\IVySoft.VPlatform.Target.ModelCode.csproj", "{AE4446D9-A26A-43C8-810A-D4114666F131}"
EndProject
Project("{2150E333-8FDC-42A3-9474-1A3956D46DE8}") = "Projects", "Projects", "{0F1C1438-40B9-4F66-9A8A-A4CB50BBC7A4}"
EndProject
Project("{2150E333-8FDC-42A3-9474-1A3956D46DE8}") = "VPlatform", "VPlatform", "{B66181BE-343A-48DD-85DE-D8659AC7A904}"
	ProjectSection(SolutionItems) = preProject
		projects\VPlatform\module.xml = projects\VPlatform\module.xml
		projects\VPlatform\system.xml = projects\VPlatform\system.xml
	EndProjectSection
EndProject
Project("{2150E333-8FDC-42A3-9474-1A3956D46DE8}") = "Generators", "Generators", "{B5365A39-C6F9-4763-A604-861D4EA22551}"
EndProject
Project("{9A19103F-16F7-4668-BE54-9A1E7A4F7556}") = "IVySoft.VPlatform.Generator.Core", "src\generators\IVySoft.VPlatform.Generator.Core\IVySoft.VPlatform.Generator.Core.csproj", "{EDB3B47F-9E69-415E-962A-D4B7C64EC643}"
EndProject
Project("{9A19103F-16F7-4668-BE54-9A1E7A4F7556}") = "IVySoft.VPlatform.TemplateEngine", "src\generators\IVySoft.VPlatform.TemplateEngine\IVySoft.VPlatform.TemplateEngine.csproj", "{2850DE83-222E-42A0-9E17-E177169C4F8C}"
EndProject
Project("{2150E333-8FDC-42A3-9474-1A3956D46DE8}") = "Tests", "Tests", "{D2E24A5B-8C51-4CE7-95A3-13D290238C2E}"
EndProject
Project("{9A19103F-16F7-4668-BE54-9A1E7A4F7556}") = "IVySoft.VPlatform.TemplateEngine.Tests", "tests\IVySoft.VPlatform.TemplateEngine.Tests\IVySoft.VPlatform.TemplateEngine.Tests.csproj", "{269CF490-E4F5-497C-9EA0-68CEB708DCBF}"
EndProject
Project("{9A19103F-16F7-4668-BE54-9A1E7A4F7556}") = "IVySoft.VPlatform.TemplateEngine.Cmd", "src\generators\IVySoft.VPlatform.TemplateEngine.Cmd\IVySoft.VPlatform.TemplateEngine.Cmd.csproj", "{FD92F9A6-6C95-4499-B974-367CA760A64F}"
EndProject
Project("{9A19103F-16F7-4668-BE54-9A1E7A4F7556}") = "IVySoft.VPlatform.Etl.Core", "src\etl\IVySoft.VPlatform.Etl.Core\IVySoft.VPlatform.Etl.Core.csproj", "{AF56F1D4-136F-4A40-BBBE-D09FE3066C2B}"
EndProject
Project("{2150E333-8FDC-42A3-9474-1A3956D46DE8}") = "Kernel", "Kernel", "{E1603136-B503-4303-85D3-F02C2FE9804C}"
EndProject
Project("{9A19103F-16F7-4668-BE54-9A1E7A4F7556}") = "IVySoft.VPlatform.Utils", "src\kernel\IVySoft.VPlatform.Utils\IVySoft.VPlatform.Utils.csproj", "{E9EBBCE2-D35C-43D3-99EF-88E40802B2E5}"
EndProject
Project("{9A19103F-16F7-4668-BE54-9A1E7A4F7556}") = "IVySoft.VPlatform.TemplateService.Entity", "src\generators\TemplateService\IVySoft.VPlatform.TemplateService.Entity\IVySoft.VPlatform.TemplateService.Entity.csproj", "{677CD0F5-A5CF-4EF4-A40B-90666CCE4E5B}"
EndProject
Project("{9A19103F-16F7-4668-BE54-9A1E7A4F7556}") = "IVySoft.VPlatform.TemplateService.Razor", "src\generators\TemplateService\IVySoft.VPlatform.TemplateService.Razor\IVySoft.VPlatform.TemplateService.Razor.csproj", "{54D0F038-59E8-44CA-A457-64FBE23412AA}"
EndProject
Project("{9A19103F-16F7-4668-BE54-9A1E7A4F7556}") = "IVySoft.VPlatform.TemplateService.Runtime", "src\generators\TemplateService\IVySoft.VPlatform.TemplateService.Runtime\IVySoft.VPlatform.TemplateService.Runtime.csproj", "{B736CC1A-2182-4147-885D-87FA7D3212B3}"
EndProject
Project("{9A19103F-16F7-4668-BE54-9A1E7A4F7556}") = "IVySoft.VPlatform.TemplateService.ModelCore", "src\generators\TemplateService\IVySoft.VPlatform.TemplateService.ModelCore\IVySoft.VPlatform.TemplateService.ModelCore.csproj", "{096B0774-7105-4594-A617-4A3BCC62CAEB}"
EndProject
Project("{9A19103F-16F7-4668-BE54-9A1E7A4F7556}") = "IVySoft.VPlatform.TemplateService.ModelCore.Xml.Serialization", "src\generators\TemplateService\IVySoft.VPlatform.TemplateService.ModelCore.Xml.Serialization\IVySoft.VPlatform.TemplateService.ModelCore.Xml.Serialization.csproj", "{2A83CF40-5DBE-4586-A29D-BE936BC411FC}"
EndProject
Project("{2150E333-8FDC-42A3-9474-1A3956D46DE8}") = "DbModel", "DbModel", "{30A1CDF8-0897-4417-BB7D-353067918373}"
EndProject
Project("{9A19103F-16F7-4668-BE54-9A1E7A4F7556}") = "IVySoft.VPlatform.Model", "src\dbmodel\IVySoft.VPlatform.Model\IVySoft.VPlatform.Model.csproj", "{65422C54-E311-4EB8-B6D2-03FBD797C0DF}"
EndProject
Global
	GlobalSection(SolutionConfigurationPlatforms) = preSolution
		Debug|Any CPU = Debug|Any CPU
		Release|Any CPU = Release|Any CPU
	EndGlobalSection
	GlobalSection(ProjectConfigurationPlatforms) = postSolution
		{5CD0B4EA-9D51-47AD-B68D-4DE3DD43CF4C}.Debug|Any CPU.ActiveCfg = Debug|Any CPU
		{5CD0B4EA-9D51-47AD-B68D-4DE3DD43CF4C}.Debug|Any CPU.Build.0 = Debug|Any CPU
		{5CD0B4EA-9D51-47AD-B68D-4DE3DD43CF4C}.Release|Any CPU.ActiveCfg = Release|Any CPU
		{5CD0B4EA-9D51-47AD-B68D-4DE3DD43CF4C}.Release|Any CPU.Build.0 = Release|Any CPU
		{042E82D3-634D-47D4-AEC8-2D7D83C49440}.Debug|Any CPU.ActiveCfg = Debug|Any CPU
		{042E82D3-634D-47D4-AEC8-2D7D83C49440}.Debug|Any CPU.Build.0 = Debug|Any CPU
		{042E82D3-634D-47D4-AEC8-2D7D83C49440}.Release|Any CPU.ActiveCfg = Release|Any CPU
		{042E82D3-634D-47D4-AEC8-2D7D83C49440}.Release|Any CPU.Build.0 = Release|Any CPU
		{841A9650-4154-4DF6-BC77-35ECAE50C312}.Debug|Any CPU.ActiveCfg = Debug|Any CPU
		{841A9650-4154-4DF6-BC77-35ECAE50C312}.Debug|Any CPU.Build.0 = Debug|Any CPU
		{841A9650-4154-4DF6-BC77-35ECAE50C312}.Release|Any CPU.ActiveCfg = Release|Any CPU
		{841A9650-4154-4DF6-BC77-35ECAE50C312}.Release|Any CPU.Build.0 = Release|Any CPU
		{56269D4E-FFDF-4102-B0BC-ED03F2A7D6FF}.Debug|Any CPU.ActiveCfg = Debug|Any CPU
		{56269D4E-FFDF-4102-B0BC-ED03F2A7D6FF}.Debug|Any CPU.Build.0 = Debug|Any CPU
		{56269D4E-FFDF-4102-B0BC-ED03F2A7D6FF}.Release|Any CPU.ActiveCfg = Release|Any CPU
		{56269D4E-FFDF-4102-B0BC-ED03F2A7D6FF}.Release|Any CPU.Build.0 = Release|Any CPU
		{AE4446D9-A26A-43C8-810A-D4114666F131}.Debug|Any CPU.ActiveCfg = Debug|Any CPU
		{AE4446D9-A26A-43C8-810A-D4114666F131}.Debug|Any CPU.Build.0 = Debug|Any CPU
		{AE4446D9-A26A-43C8-810A-D4114666F131}.Release|Any CPU.ActiveCfg = Release|Any CPU
		{AE4446D9-A26A-43C8-810A-D4114666F131}.Release|Any CPU.Build.0 = Release|Any CPU
		{EDB3B47F-9E69-415E-962A-D4B7C64EC643}.Debug|Any CPU.ActiveCfg = Debug|Any CPU
		{EDB3B47F-9E69-415E-962A-D4B7C64EC643}.Debug|Any CPU.Build.0 = Debug|Any CPU
		{EDB3B47F-9E69-415E-962A-D4B7C64EC643}.Release|Any CPU.ActiveCfg = Release|Any CPU
		{EDB3B47F-9E69-415E-962A-D4B7C64EC643}.Release|Any CPU.Build.0 = Release|Any CPU
		{2850DE83-222E-42A0-9E17-E177169C4F8C}.Debug|Any CPU.ActiveCfg = Debug|Any CPU
		{2850DE83-222E-42A0-9E17-E177169C4F8C}.Debug|Any CPU.Build.0 = Debug|Any CPU
		{2850DE83-222E-42A0-9E17-E177169C4F8C}.Release|Any CPU.ActiveCfg = Release|Any CPU
		{2850DE83-222E-42A0-9E17-E177169C4F8C}.Release|Any CPU.Build.0 = Release|Any CPU
		{269CF490-E4F5-497C-9EA0-68CEB708DCBF}.Debug|Any CPU.ActiveCfg = Debug|Any CPU
		{269CF490-E4F5-497C-9EA0-68CEB708DCBF}.Debug|Any CPU.Build.0 = Debug|Any CPU
		{269CF490-E4F5-497C-9EA0-68CEB708DCBF}.Release|Any CPU.ActiveCfg = Release|Any CPU
		{269CF490-E4F5-497C-9EA0-68CEB708DCBF}.Release|Any CPU.Build.0 = Release|Any CPU
		{FD92F9A6-6C95-4499-B974-367CA760A64F}.Debug|Any CPU.ActiveCfg = Debug|Any CPU
		{FD92F9A6-6C95-4499-B974-367CA760A64F}.Debug|Any CPU.Build.0 = Debug|Any CPU
		{FD92F9A6-6C95-4499-B974-367CA760A64F}.Release|Any CPU.ActiveCfg = Release|Any CPU
		{FD92F9A6-6C95-4499-B974-367CA760A64F}.Release|Any CPU.Build.0 = Release|Any CPU
		{AF56F1D4-136F-4A40-BBBE-D09FE3066C2B}.Debug|Any CPU.ActiveCfg = Debug|Any CPU
		{AF56F1D4-136F-4A40-BBBE-D09FE3066C2B}.Debug|Any CPU.Build.0 = Debug|Any CPU
		{AF56F1D4-136F-4A40-BBBE-D09FE3066C2B}.Release|Any CPU.ActiveCfg = Release|Any CPU
		{AF56F1D4-136F-4A40-BBBE-D09FE3066C2B}.Release|Any CPU.Build.0 = Release|Any CPU
		{E9EBBCE2-D35C-43D3-99EF-88E40802B2E5}.Debug|Any CPU.ActiveCfg = Debug|Any CPU
		{E9EBBCE2-D35C-43D3-99EF-88E40802B2E5}.Debug|Any CPU.Build.0 = Debug|Any CPU
		{E9EBBCE2-D35C-43D3-99EF-88E40802B2E5}.Release|Any CPU.ActiveCfg = Release|Any CPU
		{E9EBBCE2-D35C-43D3-99EF-88E40802B2E5}.Release|Any CPU.Build.0 = Release|Any CPU
		{677CD0F5-A5CF-4EF4-A40B-90666CCE4E5B}.Debug|Any CPU.ActiveCfg = Debug|Any CPU
		{677CD0F5-A5CF-4EF4-A40B-90666CCE4E5B}.Debug|Any CPU.Build.0 = Debug|Any CPU
		{677CD0F5-A5CF-4EF4-A40B-90666CCE4E5B}.Release|Any CPU.ActiveCfg = Release|Any CPU
		{677CD0F5-A5CF-4EF4-A40B-90666CCE4E5B}.Release|Any CPU.Build.0 = Release|Any CPU
		{54D0F038-59E8-44CA-A457-64FBE23412AA}.Debug|Any CPU.ActiveCfg = Debug|Any CPU
		{54D0F038-59E8-44CA-A457-64FBE23412AA}.Debug|Any CPU.Build.0 = Debug|Any CPU
		{54D0F038-59E8-44CA-A457-64FBE23412AA}.Release|Any CPU.ActiveCfg = Release|Any CPU
		{54D0F038-59E8-44CA-A457-64FBE23412AA}.Release|Any CPU.Build.0 = Release|Any CPU
		{B736CC1A-2182-4147-885D-87FA7D3212B3}.Debug|Any CPU.ActiveCfg = Debug|Any CPU
		{B736CC1A-2182-4147-885D-87FA7D3212B3}.Debug|Any CPU.Build.0 = Debug|Any CPU
		{B736CC1A-2182-4147-885D-87FA7D3212B3}.Release|Any CPU.ActiveCfg = Release|Any CPU
		{B736CC1A-2182-4147-885D-87FA7D3212B3}.Release|Any CPU.Build.0 = Release|Any CPU
		{096B0774-7105-4594-A617-4A3BCC62CAEB}.Debug|Any CPU.ActiveCfg = Debug|Any CPU
		{096B0774-7105-4594-A617-4A3BCC62CAEB}.Debug|Any CPU.Build.0 = Debug|Any CPU
		{096B0774-7105-4594-A617-4A3BCC62CAEB}.Release|Any CPU.ActiveCfg = Release|Any CPU
		{096B0774-7105-4594-A617-4A3BCC62CAEB}.Release|Any CPU.Build.0 = Release|Any CPU
		{2A83CF40-5DBE-4586-A29D-BE936BC411FC}.Debug|Any CPU.ActiveCfg = Debug|Any CPU
		{2A83CF40-5DBE-4586-A29D-BE936BC411FC}.Debug|Any CPU.Build.0 = Debug|Any CPU
		{2A83CF40-5DBE-4586-A29D-BE936BC411FC}.Release|Any CPU.ActiveCfg = Release|Any CPU
		{2A83CF40-5DBE-4586-A29D-BE936BC411FC}.Release|Any CPU.Build.0 = Release|Any CPU
		{65422C54-E311-4EB8-B6D2-03FBD797C0DF}.Debug|Any CPU.ActiveCfg = Debug|Any CPU
		{65422C54-E311-4EB8-B6D2-03FBD797C0DF}.Debug|Any CPU.Build.0 = Debug|Any CPU
		{65422C54-E311-4EB8-B6D2-03FBD797C0DF}.Release|Any CPU.ActiveCfg = Release|Any CPU
		{65422C54-E311-4EB8-B6D2-03FBD797C0DF}.Release|Any CPU.Build.0 = Release|Any CPU
	EndGlobalSection
	GlobalSection(SolutionProperties) = preSolution
		HideSolutionNode = FALSE
	EndGlobalSection
	GlobalSection(NestedProjects) = preSolution
		{042E82D3-634D-47D4-AEC8-2D7D83C49440} = {1AB3AD08-B4A7-442B-950D-5D3C02F8788B}
		{841A9650-4154-4DF6-BC77-35ECAE50C312} = {9688E414-8F4D-483D-AC89-9F9180029A5B}
		{56269D4E-FFDF-4102-B0BC-ED03F2A7D6FF} = {EBB0293C-42D8-4378-A2E1-658C5AB277B5}
		{AE4446D9-A26A-43C8-810A-D4114666F131} = {EBB0293C-42D8-4378-A2E1-658C5AB277B5}
		{B66181BE-343A-48DD-85DE-D8659AC7A904} = {0F1C1438-40B9-4F66-9A8A-A4CB50BBC7A4}
		{EDB3B47F-9E69-415E-962A-D4B7C64EC643} = {B5365A39-C6F9-4763-A604-861D4EA22551}
		{2850DE83-222E-42A0-9E17-E177169C4F8C} = {B5365A39-C6F9-4763-A604-861D4EA22551}
		{269CF490-E4F5-497C-9EA0-68CEB708DCBF} = {D2E24A5B-8C51-4CE7-95A3-13D290238C2E}
		{FD92F9A6-6C95-4499-B974-367CA760A64F} = {B5365A39-C6F9-4763-A604-861D4EA22551}
		{AF56F1D4-136F-4A40-BBBE-D09FE3066C2B} = {1AB3AD08-B4A7-442B-950D-5D3C02F8788B}
		{E9EBBCE2-D35C-43D3-99EF-88E40802B2E5} = {E1603136-B503-4303-85D3-F02C2FE9804C}
		{677CD0F5-A5CF-4EF4-A40B-90666CCE4E5B} = {B5365A39-C6F9-4763-A604-861D4EA22551}
		{54D0F038-59E8-44CA-A457-64FBE23412AA} = {B5365A39-C6F9-4763-A604-861D4EA22551}
		{B736CC1A-2182-4147-885D-87FA7D3212B3} = {B5365A39-C6F9-4763-A604-861D4EA22551}
		{096B0774-7105-4594-A617-4A3BCC62CAEB} = {B5365A39-C6F9-4763-A604-861D4EA22551}
		{2A83CF40-5DBE-4586-A29D-BE936BC411FC} = {B5365A39-C6F9-4763-A604-861D4EA22551}
		{65422C54-E311-4EB8-B6D2-03FBD797C0DF} = {30A1CDF8-0897-4417-BB7D-353067918373}
	EndGlobalSection
	GlobalSection(ExtensibilityGlobals) = postSolution
		SolutionGuid = {6D126804-D711-49E5-997D-B0FA8E1F9D44}
	EndGlobalSection
EndGlobal
